
Microsoft Visual Studio Solution File, Format Version 12.00
# Visual Studio 15
VisualStudioVersion = 15.0.27703.2018
MinimumVisualStudioVersion = 10.0.40219.1
Project("{FAE04EC0-301F-11D3-BF4B-00C04F79EFBC}") = "TddTestDemo1", "TddTestDemo1\TddTestDemo1.csproj", "{7382CF66-A05A-4BCB-8806-39C074AF0666}"
EndProject
Project("{FAE04EC0-301F-11D3-BF4B-00C04F79EFBC}") = "XUnitTestProject1", "XUnitTestProject1\XUnitTestProject1.csproj", "{8431CEA1-9990-469C-80AF-ECEB70EE6583}"
EndProject
Global
	GlobalSection(SolutionConfigurationPlatforms) = preSolution
		Debug|Any CPU = Debug|Any CPU
		Release|Any CPU = Release|Any CPU
	EndGlobalSection
	GlobalSection(ProjectConfigurationPlatforms) = postSolution
		{7382CF66-A05A-4BCB-8806-39C074AF0666}.Debug|Any CPU.ActiveCfg = Debug|Any CPU
		{7382CF66-A05A-4BCB-8806-39C074AF0666}.Debug|Any CPU.Build.0 = Debug|Any CPU
		{7382CF66-A05A-4BCB-8806-39C074AF0666}.Release|Any CPU.ActiveCfg = Release|Any CPU
		{7382CF66-A05A-4BCB-8806-39C074AF0666}.Release|Any CPU.Build.0 = Release|Any CPU
		{8431CEA1-9990-469C-80AF-ECEB70EE6583}.Debug|Any CPU.ActiveCfg = Debug|Any CPU
		{8431CEA1-9990-469C-80AF-ECEB70EE6583}.Debug|Any CPU.Build.0 = Debug|Any CPU
		{8431CEA1-9990-469C-80AF-ECEB70EE6583}.Release|Any CPU.ActiveCfg = Release|Any CPU
		{8431CEA1-9990-469C-80AF-ECEB70EE6583}.Release|Any CPU.Build.0 = Release|Any CPU
	EndGlobalSection
	GlobalSection(SolutionProperties) = preSolution
		HideSolutionNode = FALSE
	EndGlobalSection
	GlobalSection(ExtensibilityGlobals) = postSolution
		SolutionGuid = {097FC361-E853-450D-A12B-46A4D4928942}
	EndGlobalSection
EndGlobal
